
Microsoft Visual Studio Solution File, Format Version 12.00
# Visual Studio Version 17
VisualStudioVersion = 17.7.34018.315
MinimumVisualStudioVersion = 10.0.40219.1
Project("{FAE04EC0-301F-11D3-BF4B-00C04F79EFBC}") = "Practica2024", "Practica2024\Practica2024.csproj", "{B0545BD5-5AAE-4911-B6F8-F8F2F1220065}"
EndProject
Project("{FAE04EC0-301F-11D3-BF4B-00C04F79EFBC}") = "Libreria", "Libreria\Libreria.csproj", "{CCA89456-0D31-43AE-99C4-7A413F0A4D9D}"
EndProject
Global
	GlobalSection(SolutionConfigurationPlatforms) = preSolution
		Debug|Any CPU = Debug|Any CPU
		Release|Any CPU = Release|Any CPU
	EndGlobalSection
	GlobalSection(ProjectConfigurationPlatforms) = postSolution
		{B0545BD5-5AAE-4911-B6F8-F8F2F1220065}.Debug|Any CPU.ActiveCfg = Debug|Any CPU
		{B0545BD5-5AAE-4911-B6F8-F8F2F1220065}.Debug|Any CPU.Build.0 = Debug|Any CPU
		{B0545BD5-5AAE-4911-B6F8-F8F2F1220065}.Release|Any CPU.ActiveCfg = Release|Any CPU
		{B0545BD5-5AAE-4911-B6F8-F8F2F1220065}.Release|Any CPU.Build.0 = Release|Any CPU
		{CCA89456-0D31-43AE-99C4-7A413F0A4D9D}.Debug|Any CPU.ActiveCfg = Debug|Any CPU
		{CCA89456-0D31-43AE-99C4-7A413F0A4D9D}.Debug|Any CPU.Build.0 = Debug|Any CPU
		{CCA89456-0D31-43AE-99C4-7A413F0A4D9D}.Release|Any CPU.ActiveCfg = Release|Any CPU
		{CCA89456-0D31-43AE-99C4-7A413F0A4D9D}.Release|Any CPU.Build.0 = Release|Any CPU
	EndGlobalSection
	GlobalSection(SolutionProperties) = preSolution
		HideSolutionNode = FALSE
	EndGlobalSection
	GlobalSection(ExtensibilityGlobals) = postSolution
		SolutionGuid = {1B3E19FC-5AB6-44EC-9663-48E2BB00D915}
	EndGlobalSection
EndGlobal
